
Microsoft Visual Studio Solution File, Format Version 12.00
# Visual Studio Version 16
VisualStudioVersion = 16.0.29215.179
MinimumVisualStudioVersion = 10.0.40219.1
Project("{FAE04EC0-301F-11D3-BF4B-00C04F79EFBC}") = "ThreadTracker", "ThreadTracker.csproj", "{55DB4EE6-177B-40F6-8C65-665361D2661C}"
EndProject
Global
	GlobalSection(SolutionConfigurationPlatforms) = preSolution
		Debug|Any CPU = Debug|Any CPU
		Release|Any CPU = Release|Any CPU
	EndGlobalSection
	GlobalSection(ProjectConfigurationPlatforms) = postSolution
		{55DB4EE6-177B-40F6-8C65-665361D2661C}.Debug|Any CPU.ActiveCfg = Debug|Any CPU
		{55DB4EE6-177B-40F6-8C65-665361D2661C}.Debug|Any CPU.Build.0 = Debug|Any CPU
		{55DB4EE6-177B-40F6-8C65-665361D2661C}.Release|Any CPU.ActiveCfg = Release|Any CPU
		{55DB4EE6-177B-40F6-8C65-665361D2661C}.Release|Any CPU.Build.0 = Release|Any CPU
	EndGlobalSection
	GlobalSection(SolutionProperties) = preSolution
		HideSolutionNode = FALSE
	EndGlobalSection
	GlobalSection(ExtensibilityGlobals) = postSolution
		SolutionGuid = {47D67C3E-0C00-40D3-B443-1AC4B8094302}
	EndGlobalSection
EndGlobal
